
Microsoft Visual Studio Solution File, Format Version 11.00
# Visual Studio 2010
Project("{FAE04EC0-301F-11D3-BF4B-00C04F79EFBC}") = "CsSimpleDemo", "CsSimpleDemo.csproj", "{3086B371-5EAF-4E66-B2A1-95919627308B}"
EndProject
Project("{FAE04EC0-301F-11D3-BF4B-00C04F79EFBC}") = "Zusi-Datenausgabe", "..\..\..\Zusi-Datenausgabe.csproj", "{F99B982E-EB0C-44A8-A9E1-C8103795AF41}"
EndProject
Global
	GlobalSection(SolutionConfigurationPlatforms) = preSolution
		Debug|Any CPU = Debug|Any CPU
		Debug|Mixed Platforms = Debug|Mixed Platforms
		Debug|x86 = Debug|x86
		Release|Any CPU = Release|Any CPU
		Release|Mixed Platforms = Release|Mixed Platforms
		Release|x86 = Release|x86
	EndGlobalSection
	GlobalSection(ProjectConfigurationPlatforms) = postSolution
		{3086B371-5EAF-4E66-B2A1-95919627308B}.Debug|Any CPU.ActiveCfg = Debug|x86
		{3086B371-5EAF-4E66-B2A1-95919627308B}.Debug|Mixed Platforms.ActiveCfg = Debug|x86
		{3086B371-5EAF-4E66-B2A1-95919627308B}.Debug|Mixed Platforms.Build.0 = Debug|x86
		{3086B371-5EAF-4E66-B2A1-95919627308B}.Debug|x86.ActiveCfg = Debug|x86
		{3086B371-5EAF-4E66-B2A1-95919627308B}.Debug|x86.Build.0 = Debug|x86
		{3086B371-5EAF-4E66-B2A1-95919627308B}.Release|Any CPU.ActiveCfg = Release|x86
		{3086B371-5EAF-4E66-B2A1-95919627308B}.Release|Mixed Platforms.ActiveCfg = Release|x86
		{3086B371-5EAF-4E66-B2A1-95919627308B}.Release|Mixed Platforms.Build.0 = Release|x86
		{3086B371-5EAF-4E66-B2A1-95919627308B}.Release|x86.ActiveCfg = Release|x86
		{3086B371-5EAF-4E66-B2A1-95919627308B}.Release|x86.Build.0 = Release|x86
		{F99B982E-EB0C-44A8-A9E1-C8103795AF41}.Debug|Any CPU.ActiveCfg = Debug|Any CPU
		{F99B982E-EB0C-44A8-A9E1-C8103795AF41}.Debug|Any CPU.Build.0 = Debug|Any CPU
		{F99B982E-EB0C-44A8-A9E1-C8103795AF41}.Debug|Mixed Platforms.ActiveCfg = Debug|Any CPU
		{F99B982E-EB0C-44A8-A9E1-C8103795AF41}.Debug|Mixed Platforms.Build.0 = Debug|Any CPU
		{F99B982E-EB0C-44A8-A9E1-C8103795AF41}.Debug|x86.ActiveCfg = Debug|Any CPU
		{F99B982E-EB0C-44A8-A9E1-C8103795AF41}.Release|Any CPU.ActiveCfg = Release|Any CPU
		{F99B982E-EB0C-44A8-A9E1-C8103795AF41}.Release|Any CPU.Build.0 = Release|Any CPU
		{F99B982E-EB0C-44A8-A9E1-C8103795AF41}.Release|Mixed Platforms.ActiveCfg = Release|Any CPU
		{F99B982E-EB0C-44A8-A9E1-C8103795AF41}.Release|Mixed Platforms.Build.0 = Release|Any CPU
		{F99B982E-EB0C-44A8-A9E1-C8103795AF41}.Release|x86.ActiveCfg = Release|Any CPU
	EndGlobalSection
	GlobalSection(SolutionProperties) = preSolution
		HideSolutionNode = FALSE
	EndGlobalSection
	GlobalSection(MonoDevelopProperties) = preSolution
		StartupItem = CsSimpleDemo.csproj
	EndGlobalSection
EndGlobal
